
Microsoft Visual Studio Solution File, Format Version 12.00
# Visual Studio Version 16
VisualStudioVersion = 16.0.31729.503
MinimumVisualStudioVersion = 10.0.40219.1
Project("{FAE04EC0-301F-11D3-BF4B-00C04F79EFBC}") = "KinoApp", "KinoApp\KinoApp.csproj", "{12129E47-DADB-4FD4-9D94-F34A34843FBF}"
EndProject
Global
	GlobalSection(SolutionConfigurationPlatforms) = preSolution
		Debug|Any CPU = Debug|Any CPU
		Release|Any CPU = Release|Any CPU
	EndGlobalSection
	GlobalSection(ProjectConfigurationPlatforms) = postSolution
		{12129E47-DADB-4FD4-9D94-F34A34843FBF}.Debug|Any CPU.ActiveCfg = Debug|Any CPU
		{12129E47-DADB-4FD4-9D94-F34A34843FBF}.Debug|Any CPU.Build.0 = Debug|Any CPU
		{12129E47-DADB-4FD4-9D94-F34A34843FBF}.Release|Any CPU.ActiveCfg = Release|Any CPU
		{12129E47-DADB-4FD4-9D94-F34A34843FBF}.Release|Any CPU.Build.0 = Release|Any CPU
	EndGlobalSection
	GlobalSection(SolutionProperties) = preSolution
		HideSolutionNode = FALSE
	EndGlobalSection
	GlobalSection(ExtensibilityGlobals) = postSolution
		SolutionGuid = {827BD172-DE82-4AC0-A1F4-7F00E6C6B39B}
	EndGlobalSection
EndGlobal
